
Microsoft Visual Studio Solution File, Format Version 12.00
# Visual Studio Version 16
VisualStudioVersion = 16.0.30225.117
MinimumVisualStudioVersion = 10.0.40219.1
Project("{888888A0-9F3D-457C-B088-3A5042F75D52}") = "Func_2_args", "Func_2_args\Func_2_args.pyproj", "{9B1EA397-86D6-48F5-87AC-A4136402EEB5}"
EndProject
Global
	GlobalSection(SolutionConfigurationPlatforms) = preSolution
		Debug|Any CPU = Debug|Any CPU
		Release|Any CPU = Release|Any CPU
	EndGlobalSection
	GlobalSection(ProjectConfigurationPlatforms) = postSolution
		{9B1EA397-86D6-48F5-87AC-A4136402EEB5}.Debug|Any CPU.ActiveCfg = Debug|Any CPU
		{9B1EA397-86D6-48F5-87AC-A4136402EEB5}.Release|Any CPU.ActiveCfg = Release|Any CPU
	EndGlobalSection
	GlobalSection(SolutionProperties) = preSolution
		HideSolutionNode = FALSE
	EndGlobalSection
	GlobalSection(ExtensibilityGlobals) = postSolution
		SolutionGuid = {31804ECB-7F56-4282-8091-40EDCC51F0D4}
	EndGlobalSection
EndGlobal
