
Microsoft Visual Studio Solution File, Format Version 12.00
# Visual Studio Version 16
VisualStudioVersion = 16.0.30225.117
MinimumVisualStudioVersion = 10.0.40219.1
Project("{888888A0-9F3D-457C-B088-3A5042F75D52}") = "Exception_2", "Exception_2\Exception_2.pyproj", "{3750CF05-CD0F-4EEC-ADBC-F344C6658914}"
EndProject
Global
	GlobalSection(SolutionConfigurationPlatforms) = preSolution
		Debug|Any CPU = Debug|Any CPU
		Release|Any CPU = Release|Any CPU
	EndGlobalSection
	GlobalSection(ProjectConfigurationPlatforms) = postSolution
		{3750CF05-CD0F-4EEC-ADBC-F344C6658914}.Debug|Any CPU.ActiveCfg = Debug|Any CPU
		{3750CF05-CD0F-4EEC-ADBC-F344C6658914}.Release|Any CPU.ActiveCfg = Release|Any CPU
	EndGlobalSection
	GlobalSection(SolutionProperties) = preSolution
		HideSolutionNode = FALSE
	EndGlobalSection
	GlobalSection(ExtensibilityGlobals) = postSolution
		SolutionGuid = {F678BF29-403D-473B-BADF-DB09C2740AFB}
	EndGlobalSection
EndGlobal
